# This file was autogenerated by uv via the following command:
#    uv pip compile requirements.txt -o uv.lock
alembic==1.19.1
    # via -r requirements.txt
amqp==5.3.1
    # via kombu
annotated-doc==0.0.5
    # via
    #   fastapi
    #   typer
annotated-types==0.8.0
    # via pydantic
anyio==4.14.2
    # via
    #   httpx
    #   starlette
    #   watchfiles
babel==2.18.0
    # via courlan
beautifulsoup4==4.15.0
    # via
    #   -r requirements.txt
    #   markdownify
billiard==4.2.4
    # via celery
blis==1.3.3
    # via thinc
catalogue==2.0.10
    # via
    #   spacy
    #   srsly
    #   thinc
celery==5.6.3
    # via
    #   -r requirements.txt
    #   flower
certifi==2026.7.22
    # via
    #   httpcore
    #   httpx
    #   requests
    #   trafilatura
cffi==2.1.1
    # via cryptography
charset-normalizer==3.5.1
    # via
    #   htmldate
    #   requests
    #   trafilatura
click==8.5.0
    # via
    #   celery
    #   click-didyoumean
    #   click-plugins
    #   click-repl
    #   spacy
    #   uvicorn
click-didyoumean==0.3.1
    # via celery
click-plugins==1.1.1.2
    # via celery
click-repl==0.3.0
    # via celery
cloudpathlib==0.25.0
    # via weasel
confection==1.3.3
    # via
    #   spacy
    #   thinc
    #   weasel
courlan==1.4.0
    # via trafilatura
cryptography==50.0.1
    # via -r requirements.txt
cymem==2.0.13
    # via
    #   preshed
    #   spacy
    #   thinc
dateparser==1.4.2
    # via htmldate
fastapi==0.141.1
    # via -r requirements.txt
filelock==3.32.4
    # via tldextract
flatbuffers==25.12.19
    # via onnxruntime
flower==2.1.0
    # via -r requirements.txt
greenlet==3.5.5
    # via
    #   playwright
    #   sqlalchemy
h11==0.16.0
    # via
    #   httpcore
    #   uvicorn
htmldate==1.10.0
    # via trafilatura
httpcore==1.0.9
    # via httpx
httptools==0.8.0
    # via uvicorn
httpx==0.28.1
    # via
    #   -r requirements.txt
    #   weasel
humanize==4.16.0
    # via flower
idna==3.19
    # via
    #   anyio
    #   httpx
    #   requests
    #   tldextract
jinja2==3.1.6
    # via spacy
justext==3.0.2
    # via trafilatura
kombu==5.6.2
    # via celery
lxml==6.1.2
    # via
    #   htmldate
    #   justext
    #   lxml-html-clean
    #   trafilatura
lxml-html-clean==0.4.5
    # via lxml
mako==1.4.1
    # via alembic
markdown-it-py==4.2.0
    # via rich
markdownify==1.2.3
    # via -r requirements.txt
markupsafe==3.0.3
    # via
    #   jinja2
    #   mako
mdurl==0.1.2
    # via markdown-it-py
murmurhash==1.0.15
    # via
    #   preshed
    #   spacy
    #   thinc
networkx==3.6.1
    # via pymupdf-layout
numpy==2.4.6
    # via
    #   blis
    #   onnxruntime
    #   pymupdf-layout
    #   spacy
    #   thinc
onnxruntime==1.29.0
    # via pymupdf-layout
opentelemetry-api==1.44.0
    # via
    #   -r requirements.txt
    #   opentelemetry-instrumentation
    #   opentelemetry-sdk
    #   opentelemetry-semantic-conventions
opentelemetry-instrumentation==0.65b0
    # via -r requirements.txt
opentelemetry-sdk==1.44.0
    # via -r requirements.txt
opentelemetry-semantic-conventions==0.65b0
    # via
    #   opentelemetry-instrumentation
    #   opentelemetry-sdk
packaging==26.3
    # via
    #   kombu
    #   onnxruntime
    #   opentelemetry-instrumentation
    #   pytesseract
    #   spacy
    #   thinc
    #   weasel
pdf2image==1.17.0
    # via -r requirements.txt
phonenumbers==8.13.55
    # via presidio-analyzer
pillow==12.3.0
    # via
    #   pdf2image
    #   pytesseract
playwright==1.62.0
    # via -r requirements.txt
preshed==3.0.13
    # via
    #   spacy
    #   thinc
presidio-analyzer==2.2.35
    # via -r requirements.txt
presidio-anonymizer==2.2.35
    # via -r requirements.txt
prometheus-client==0.26.0
    # via
    #   -r requirements.txt
    #   flower
prompt-toolkit==3.0.53
    # via click-repl
protego==0.6.2
    # via -r requirements.txt
protobuf==7.36.0
    # via onnxruntime
psutil==7.2.2
    # via pymupdf4llm
psycopg2-binary==2.9.12
    # via -r requirements.txt
pycparser==3.0
    # via cffi
pycryptodome==3.23.0
    # via presidio-anonymizer
pydantic==2.13.4
    # via
    #   -r requirements.txt
    #   fastapi
    #   pydantic-settings
    #   spacy
    #   thinc
    #   weasel
pydantic-core==2.46.4
    # via pydantic
pydantic-settings==2.15.0
    # via -r requirements.txt
pyee==13.0.1
    # via playwright
pygments==2.21.0
    # via rich
pymupdf==1.28.2
    # via
    #   pymupdf-layout
    #   pymupdf4llm
pymupdf-layout==1.28.2
    # via pymupdf4llm
pymupdf4llm==1.28.2
    # via -r requirements.txt
pytesseract==0.3.13
    # via -r requirements.txt
python-dateutil==2.9.0.post0
    # via
    #   celery
    #   dateparser
    #   htmldate
python-dotenv==1.2.3
    # via
    #   -r requirements.txt
    #   pydantic-settings
    #   uvicorn
python-multipart==0.0.32
    # via -r requirements.txt
pytz==2026.3.post1
    # via
    #   dateparser
    #   flower
pyyaml==6.0.3
    # via
    #   presidio-analyzer
    #   pymupdf-layout
    #   uvicorn
redis==8.1.0
    # via -r requirements.txt
regex==2026.7.19
    # via
    #   dateparser
    #   presidio-analyzer
requests==2.34.2
    # via
    #   requests-file
    #   spacy
    #   tldextract
requests-file==3.0.1
    # via tldextract
rich==15.0.0
    # via typer
selectolax==0.4.11
    # via -r requirements.txt
setuptools==84.0.0
    # via
    #   spacy
    #   thinc
shellingham==1.5.4
    # via typer
six==1.17.0
    # via
    #   markdownify
    #   python-dateutil
smart-open==8.0.1
    # via weasel
soupsieve==2.9.2
    # via beautifulsoup4
spacy==3.8.16
    # via
    #   -r requirements.txt
    #   presidio-analyzer
spacy-legacy==3.0.12
    # via spacy
spacy-loggers==1.0.5
    # via spacy
sqlalchemy==2.0.52
    # via
    #   -r requirements.txt
    #   alembic
srsly==2.5.3
    # via
    #   spacy
    #   thinc
    #   weasel
starlette==1.6.0
    # via fastapi
structlog==26.1.0
    # via -r requirements.txt
tabulate==0.10.0
    # via pymupdf4llm
thinc==8.3.13
    # via spacy
tld==0.13.2
    # via courlan
tldextract==5.3.2
    # via presidio-analyzer
tornado==6.5.8
    # via flower
tqdm==4.70.0
    # via spacy
trafilatura==2.2.0
    # via -r requirements.txt
typer==0.27.1
    # via
    #   spacy
    #   weasel
typing-extensions==4.16.0
    # via
    #   alembic
    #   anyio
    #   beautifulsoup4
    #   fastapi
    #   opentelemetry-api
    #   opentelemetry-sdk
    #   opentelemetry-semantic-conventions
    #   pydantic
    #   pydantic-core
    #   pyee
    #   sqlalchemy
    #   starlette
    #   typing-inspection
typing-inspection==0.4.4
    # via
    #   fastapi
    #   pydantic
    #   pydantic-settings
tzdata==2026.3
    # via kombu
tzlocal==5.4.4
    # via
    #   celery
    #   dateparser
urllib3==2.7.0
    # via
    #   courlan
    #   htmldate
    #   requests
    #   trafilatura
uvicorn==0.52.4
    # via -r requirements.txt
uvloop==0.22.1
    # via uvicorn
vine==5.1.0
    # via
    #   amqp
    #   celery
    #   kombu
wasabi==1.1.3
    # via
    #   spacy
    #   thinc
    #   weasel
watchfiles==1.2.0
    # via uvicorn
wcwidth==0.8.2
    # via prompt-toolkit
weasel==1.0.0
    # via spacy
websockets==17.1
    # via uvicorn
wrapt==2.3.0
    # via
    #   opentelemetry-instrumentation
    #   smart-open
